{"1.1.0",
[{<<"basho_stats">>,{pkg,<<"basho_stats">>,<<"1.0.3">>},0},
 {<<"bear">>,{pkg,<<"bear">>,<<"0.8.5">>},1},
 {<<"blume">>,{pkg,<<"blume">>,<<"0.1.0">>},0},
 {<<"chash">>,{pkg,<<"chash">>,<<"0.1.2">>},0},
 {<<"clique">>,{pkg,<<"clique">>,<<"0.3.9">>},0},
 {<<"cuttlefish">>,{pkg,<<"cuttlefish">>,<<"2.0.12">>},0},
 {<<"edown">>,{pkg,<<"edown">>,<<"0.8.1">>},2},
 {<<"eleveldb">>,{pkg,<<"eleveldb">>,<<"2.2.20">>},0},
 {<<"exometer_core">>,{pkg,<<"basho_exometer_core">>,<<"1.0.2">>},0},
 {<<"folsom">>,{pkg,<<"folsom">>,<<"0.8.5">>},0},
 {<<"getopt">>,{pkg,<<"getopt">>,<<"0.8.2">>},1},
 {<<"goldrush">>,{pkg,<<"goldrush">>,<<"0.1.9">>},0},
 {<<"jam">>,{pkg,<<"jam">>,<<"1.0.0">>},0},
 {<<"lager">>,{pkg,<<"lager">>,<<"3.2.4">>},0},
 {<<"parse_trans">>,{pkg,<<"parse_trans">>,<<"2.9.0">>},1},
 {<<"pbkdf2">>,{pkg,<<"pbkdf2">>,<<"2.0.0">>},0},
 {<<"poolboy">>,{pkg,<<"basho_poolboy">>,<<"0.8.2">>},0},
 {<<"riak_ensemble">>,{pkg,<<"riak_ensemble_ng">>,<<"2.4.0">>},0},
 {<<"riak_sysmon">>,{pkg,<<"riak_sysmon">>,<<"2.1.5">>},0},
 {<<"setup">>,{pkg,<<"setup">>,<<"1.7.0">>},1}]}.
[
{pkg_hash,[
 {<<"basho_stats">>, <<"7E1174151509C64FCC1934120ED32295E14F84DAAE7F84926BA2C8D3700D146C">>},
 {<<"bear">>, <<"E95FCA1627CD9E15BAF93CE0A52AFF16917BAF325F0EE65B88CD715376CD2344">>},
 {<<"blume">>, <<"62DDA46B43E24D4B8D5407B8F6DDB78EBD2A8CDC84D9BC822CDDAEF6F402F3EB">>},
 {<<"chash">>, <<"AF02484F2640C653C4B9A8557A14CA0704989DBEDB27E7CCBC442F1903A3BCA7">>},
 {<<"clique">>, <<"A56298B7582C1AC2C278F21D3C779CE3ECCE02AE06751DAA107441ED90DC5E69">>},
 {<<"cuttlefish">>, <<"1441A12BCE207F7FC796A4DA50D47080D21E83E15309AD6496DE27840A54D5FC">>},
 {<<"edown">>, <<"7333B6F6B7BBC736C263E9CEB8261667D7C8F7D92E251829F1A9FE8F24E7B694">>},
 {<<"eleveldb">>, <<"1FFF63A5055BBF4BF821F797EF76065882B193F5E8095F95FCD9287187773B58">>},
 {<<"exometer_core">>, <<"DC4BC9B0B47EDEE0C053B16AC5B9C692E662C7E1513FFC96F4D928BC3328D65F">>},
 {<<"folsom">>, <<"94A027B56FE84FEED264F9B33CB4C6AC9A801FAD84B87DBDA0836CE83C3B8D69">>},
 {<<"getopt">>, <<"B17556DB683000BA50370B16C0619DF1337E7AF7ECBF7D64FBF8D1D6BCE3109B">>},
 {<<"goldrush">>, <<"F06E5D5F1277DA5C413E84D5A2924174182FB108DABB39D5EC548B27424CD106">>},
 {<<"jam">>, <<"ED9B180F2F3A775E6A47AC490954976802F0638C19A393F3E86D4BA4CF890582">>},
 {<<"lager">>, <<"A6DEB74DAE7927F46BD13255268308EF03EB206EC784A94EAF7C1C0F3B811615">>},
 {<<"parse_trans">>, <<"3F5F7B402928FB9FD200C891E635DE909045D1EFAC40CE3F924D3892898F85EB">>},
 {<<"pbkdf2">>, <<"11C23279FDED5C0027AB3996CFAE77805521D7EF4BABDE2BD7EC04A9086CF499">>},
 {<<"poolboy">>, <<"AD5524BF4B8D30EEE0E5386847B74DAD739BB6AE1893F3AF10F54D427ACC96E4">>},
 {<<"riak_ensemble">>, <<"6570463BF09F1200C003DE298C5D6615C418D3BF0A2DF5CAF469A9DF2558059A">>},
 {<<"riak_sysmon">>, <<"2331BBCAEBE73EA7B2449F4C765827142476CC73D7D86999B4209EE005694D6B">>},
 {<<"setup">>, <<"15DF8E57C6DF9755E22BFB1AEF0C640BD97E9889396FDFB2A85A5536A9043674">>}]}
].
