{"1.1.0",
[{<<"basho_stats">>,
  {git,"git://github.com/basho/basho_stats.git",
       {ref,"176dee0537b5b3aff57646a7379d435ad990488e"}},
  0},
 {<<"bear">>,
  {git,"git://github.com/boundary/bear.git",
       {ref,"119234548783af19b8ec75c879c5062676b92571"}},
  2},
 {<<"clique">>,
  {git,"https://github.com/basho/clique.git",
       {ref,"1b27d2c695be96c6a1ca4d250679b02720291e6c"}},
  0},
 {<<"cuttlefish">>,
  {git,"https://github.com/basho/cuttlefish.git",
       {ref,"1b4381e5f682d88a2f20ddb8511ff35098c40ea5"}},
  1},
 {<<"edown">>,
  {git,"git://github.com/uwiger/edown.git",
       {ref,"b7c8eb0ac1859f8fce11cbfe3526f5ec83194776"}},
  2},
 {<<"eleveldb">>,
  {git,"git://github.com/basho/eleveldb.git",
       {ref,"db361b1a8387262e715b27fbdd9353f00a07302c"}},
  0},
 {<<"exometer_core">>,
  {git,"git://github.com/Feuerlabs/exometer_core.git",
       {ref,"588da231c885390a9b3c08a367949750f32d143c"}},
  0},
 {<<"folsom">>,
  {git,"git://github.com/folsom-project/folsom",
       {ref,"38e2cce7c64ce1f0a3a918d90394cfc0a940b1ba"}},
  1},
 {<<"getopt">>,
  {git,"https://github.com/basho/getopt.git",
       {ref,"880030ff0cbecb73ba75a78a7aa0cc1dcb7fe331"}},
  2},
 {<<"goldrush">>,{pkg,<<"goldrush">>,<<"0.1.9">>},1},
 {<<"hut">>,
  {git,"git://github.com/tolbrino/hut.git",
       {ref,"025540398478ab6f95932c3234382ac5bb21ad3e"}},
  1},
 {<<"lager">>,
  {git,"git://github.com/erlang-lager/lager.git",
       {ref,"6cc6b125ad55835748cd847f03314698ae439aea"}},
  0},
 {<<"meck">>,
  {git,"git://github.com/eproxus/meck",
       {ref,"dde759050eff19a1a80fd854d7375174b191665d"}},
  2},
 {<<"parse_trans">>,
  {git,"git://github.com/uwiger/parse_trans.git",
       {ref,"a210adafdfbb904d156d8f22abd5fb58fc17de1e"}},
  1},
 {<<"pbkdf2">>,
  {git,"git://github.com/basho/erlang-pbkdf2.git",
       {ref,"34b5f716fa3ec89ede36d009f7cc8c47bd019dd7"}},
  0},
 {<<"poolboy">>,
  {git,"git://github.com/devinus/poolboy.git",
       {ref,"d378f996182daa6251ad5438cee4d3f6eb7ea50f"}},
  0},
 {<<"riak_ensemble">>,
  {git,"https://github.com/basho/riak_ensemble",
       {ref,"277eb48dca59475b639a01d86fd0c550cae4da55"}},
  0},
 {<<"riak_sysmon">>,
  {git,"https://github.com/basho/riak_sysmon.git",
       {ref,"990329fb2030493a9c0cb4dc88999b405ed70bae"}},
  0},
 {<<"setup">>,
  {git,"git://github.com/uwiger/setup.git",
       {ref,"76124131ac11bdb0112fb47a244784e152531dad"}},
  1}]}.
[
{pkg_hash,[
 {<<"goldrush">>, <<"F06E5D5F1277DA5C413E84D5A2924174182FB108DABB39D5EC548B27424CD106">>}]}
].
