{"1.1.0",
[{<<"basho_stats">>,
  {git,"git://github.com/basho/basho_stats.git",
       {ref,"176dee0537b5b3aff57646a7379d435ad990488e"}},
  0},
 {<<"bear">>,{pkg,<<"bear">>,<<"0.8.7">>},2},
 {<<"clique">>,
  {git,"git://github.com/basho/clique.git",
       {ref,"54d3a9fa2fe3fbe163185232097379b66c3388dc"}},
  0},
 {<<"cuttlefish">>,
  {git,"https://github.com/basho/cuttlefish.git",
       {ref,"1b4381e5f682d88a2f20ddb8511ff35098c40ea5"}},
  1},
 {<<"eleveldb">>,
  {git,"git://github.com/basho/eleveldb.git",
       {ref,"88fc53243819e58f9f2bfdeddb7c231100c31acc"}},
  0},
 {<<"exometer_core">>,{pkg,<<"exometer_core">>,<<"1.5.7">>},0},
 {<<"folsom">>,{pkg,<<"folsom">>,<<"0.8.7">>},1},
 {<<"gen_fsm_compat">>,{pkg,<<"gen_fsm_compat">>,<<"0.3.0">>},0},
 {<<"getopt">>,
  {git,"https://github.com/basho/getopt.git",
       {ref,"880030ff0cbecb73ba75a78a7aa0cc1dcb7fe331"}},
  2},
 {<<"goldrush">>,{pkg,<<"goldrush">>,<<"0.1.9">>},1},
 {<<"hut">>,{pkg,<<"hut">>,<<"1.2.1">>},1},
 {<<"lager">>,
  {git,"git://github.com/erlang-lager/lager.git",
       {ref,"6cc6b125ad55835748cd847f03314698ae439aea"}},
  0},
 {<<"parse_trans">>,{pkg,<<"parse_trans">>,<<"3.3.0">>},1},
 {<<"pbkdf2">>,
  {git,"git://github.com/basho/erlang-pbkdf2.git",
       {ref,"34b5f716fa3ec89ede36d009f7cc8c47bd019dd7"}},
  0},
 {<<"poolboy">>,
  {git,"git://github.com/devinus/poolboy.git",
       {ref,"9212a8770edb149ee7ca0bca353855e215f7cba5"}},
  0},
 {<<"riak_ensemble">>,
  {git,"https://github.com/basho/riak_ensemble",
       {ref,"b27410d62d68537b49cf35f0083e08a2b45e8b14"}},
  0},
 {<<"riak_sysmon">>,{pkg,<<"riak_sysmon">>,<<"2.1.7">>},0},
 {<<"setup">>,{pkg,<<"setup">>,<<"2.0.2">>},1}]}.
[
{pkg_hash,[
 {<<"bear">>, <<"16264309AE5D005D03718A5C82641FCC259C9E8F09ADEB6FD79CA4271168656F">>},
 {<<"exometer_core">>, <<"AB97E34A5D69AB14E6AE161DB4CCA5B5E655E635B842F830EE6AB2CBFCFDC30A">>},
 {<<"folsom">>, <<"A885F0AEEE4C84270954C88A55A5A473D6B2C7493E32FFDC5765412DD555A951">>},
 {<<"gen_fsm_compat">>, <<"5903549F67D595F58A7101154CBE0FDD46955FBFBE40813F1E53C23A970FF5F4">>},
 {<<"goldrush">>, <<"F06E5D5F1277DA5C413E84D5A2924174182FB108DABB39D5EC548B27424CD106">>},
 {<<"hut">>, <<"08D46679523043424870723923971889E8A34D63B2F946A35B46CF921D1236E7">>},
 {<<"parse_trans">>, <<"09765507A3C7590A784615CFD421D101AEC25098D50B89D7AA1D66646BC571C1">>},
 {<<"riak_sysmon">>, <<"AF420DF0F7569E1F12BCD465745164CB6189EB93F118D5CDB3F90FEB3F8BF47D">>},
 {<<"setup">>, <<"1203F4CDA11306C2E34434244576DED0A7BBFB0908D9A572356C809BD0CDF085">>}]}
].
